// !$*UTF8*$!
{
	archiveVersion = 1;
	classes = {
	};
	objectVersion = 46;
	objects = {

/* Begin PBXBuildFile section */
		DA1D30B815FD319800B97986 /* UIKit.framework in Frameworks */ = {isa = PBXBuildFile; fileRef = DA1D30B715FD319800B97986 /* UIKit.framework */; };
		DA1D30BA15FD319800B97986 /* Foundation.framework in Frameworks */ = {isa = PBXBuildFile; fileRef = DA1D30B915FD319800B97986 /* Foundation.framework */; };
		DA1D30BC15FD319800B97986 /* CoreGraphics.framework in Frameworks */ = {isa = PBXBuildFile; fileRef = DA1D30BB15FD319800B97986 /* CoreGraphics.framework */; };
		DA1D30C215FD319800B97986 /* InfoPlist.strings in Resources */ = {isa = PBXBuildFile; fileRef = DA1D30C015FD319800B97986 /* InfoPlist.strings */; };
		DA1D30C415FD319800B97986 /* main.m in Sources */ = {isa = PBXBuildFile; fileRef = DA1D30C315FD319800B97986 /* main.m */; };
		DA1D30C815FD319800B97986 /* AppDelegate.mm in Sources */ = {isa = PBXBuildFile; fileRef = DA1D30C715FD319800B97986 /* AppDelegate.mm */; };
		DA1D30CB15FD319800B97986 /* MainStoryboard_iPhone.storyboard in Resources */ = {isa = PBXBuildFile; fileRef = DA1D30C915FD319800B97986 /* MainStoryboard_iPhone.storyboard */; };
		DA1D30CE15FD319800B97986 /* MainStoryboard_iPad.storyboard in Resources */ = {isa = PBXBuildFile; fileRef = DA1D30CC15FD319800B97986 /* MainStoryboard_iPad.storyboard */; };
		DA1D30D115FD319800B97986 /* ViewController.mm in Sources */ = {isa = PBXBuildFile; fileRef = DA1D30D015FD319800B97986 /* ViewController.mm */; };
		DADC41B715FD554D00711744 /* frameworks.png in Resources */ = {isa = PBXBuildFile; fileRef = DADC41B615FD554D00711744 /* frameworks.png */; };
		DADC41B915FD55D500711744 /* frameworks@2x.png in Resources */ = {isa = PBXBuildFile; fileRef = DADC41B815FD55D500711744 /* frameworks@2x.png */; };
		DADC41C315FD575A00711744 /* BKit.framework in Frameworks */ = {isa = PBXBuildFile; fileRef = DA1D310215FD4B3900B97986 /* BKit.framework */; };
		DADC41C515FD575E00711744 /* cxxlib.framework in Frameworks */ = {isa = PBXBuildFile; fileRef = DADC41C415FD575E00711744 /* cxxlib.framework */; };
/* End PBXBuildFile section */

/* Begin PBXContainerItemProxy section */
		DA1D310115FD4B3900B97986 /* PBXContainerItemProxy */ = {
			isa = PBXContainerItemProxy;
			containerPortal = DA1D30FD15FD4B3900B97986 /* BKit.xcodeproj */;
			proxyType = 2;
			remoteGlobalIDString = DA1D306815FD312C00B97986;
			remoteInfo = BKit;
		};
		DADC41BA15FD563500711744 /* PBXContainerItemProxy */ = {
			isa = PBXContainerItemProxy;
			containerPortal = DA1D30FD15FD4B3900B97986 /* BKit.xcodeproj */;
			proxyType = 1;
			remoteGlobalIDString = DA1D306715FD312C00B97986;
			remoteInfo = BKit;
		};
/* End PBXContainerItemProxy section */

/* Begin PBXFileReference section */
		DA1D30B315FD319800B97986 /* app.app */ = {isa = PBXFileReference; explicitFileType = wrapper.application; includeInIndex = 0; path = app.app; sourceTree = BUILT_PRODUCTS_DIR; };
		DA1D30B715FD319800B97986 /* UIKit.framework */ = {isa = PBXFileReference; lastKnownFileType = wrapper.framework; name = UIKit.framework; path = System/Library/Frameworks/UIKit.framework; sourceTree = SDKROOT; };
		DA1D30B915FD319800B97986 /* Foundation.framework */ = {isa = PBXFileReference; lastKnownFileType = wrapper.framework; name = Foundation.framework; path = System/Library/Frameworks/Foundation.framework; sourceTree = SDKROOT; };
		DA1D30BB15FD319800B97986 /* CoreGraphics.framework */ = {isa = PBXFileReference; lastKnownFileType = wrapper.framework; name = CoreGraphics.framework; path = System/Library/Frameworks/CoreGraphics.framework; sourceTree = SDKROOT; };
		DA1D30BF15FD319800B97986 /* app-Info.plist */ = {isa = PBXFileReference; lastKnownFileType = text.plist.xml; path = "app-Info.plist"; sourceTree = "<group>"; };
		DA1D30C115FD319800B97986 /* en */ = {isa = PBXFileReference; lastKnownFileType = text.plist.strings; name = en; path = en.lproj/InfoPlist.strings; sourceTree = "<group>"; };
		DA1D30C315FD319800B97986 /* main.m */ = {isa = PBXFileReference; lastKnownFileType = sourcecode.c.objc; path = main.m; sourceTree = "<group>"; };
		DA1D30C515FD319800B97986 /* app-Prefix.pch */ = {isa = PBXFileReference; lastKnownFileType = sourcecode.c.h; path = "app-Prefix.pch"; sourceTree = "<group>"; };
		DA1D30C615FD319800B97986 /* AppDelegate.h */ = {isa = PBXFileReference; lastKnownFileType = sourcecode.c.h; path = AppDelegate.h; sourceTree = "<group>"; };
		DA1D30C715FD319800B97986 /* AppDelegate.mm */ = {isa = PBXFileReference; explicitFileType = sourcecode.cpp.objcpp; path = AppDelegate.mm; sourceTree = "<group>"; };
		DA1D30CA15FD319800B97986 /* en */ = {isa = PBXFileReference; lastKnownFileType = file.storyboard; name = en; path = en.lproj/MainStoryboard_iPhone.storyboard; sourceTree = "<group>"; };
		DA1D30CD15FD319800B97986 /* en */ = {isa = PBXFileReference; lastKnownFileType = file.storyboard; name = en; path = en.lproj/MainStoryboard_iPad.storyboard; sourceTree = "<group>"; };
		DA1D30CF15FD319800B97986 /* ViewController.h */ = {isa = PBXFileReference; lastKnownFileType = sourcecode.c.h; path = ViewController.h; sourceTree = "<group>"; };
		DA1D30D015FD319800B97986 /* ViewController.mm */ = {isa = PBXFileReference; explicitFileType = sourcecode.cpp.objcpp; path = ViewController.mm; sourceTree = "<group>"; };
		DA1D30FD15FD4B3900B97986 /* BKit.xcodeproj */ = {isa = PBXFileReference; lastKnownFileType = "wrapper.pb-project"; name = BKit.xcodeproj; path = ../BKit/BKit.xcodeproj; sourceTree = "<group>"; };
		DADC41B615FD554D00711744 /* frameworks.png */ = {isa = PBXFileReference; lastKnownFileType = image.png; path = frameworks.png; sourceTree = "<group>"; };
		DADC41B815FD55D500711744 /* frameworks@2x.png */ = {isa = PBXFileReference; lastKnownFileType = image.png; path = "frameworks@2x.png"; sourceTree = "<group>"; };
		DADC41C415FD575E00711744 /* cxxlib.framework */ = {isa = PBXFileReference; lastKnownFileType = wrapper.framework; name = cxxlib.framework; path = "../build/frameworks-workspace/Build/Products/Debug-iphoneos/cxxlib.framework"; sourceTree = "<group>"; };
/* End PBXFileReference section */

/* Begin PBXFrameworksBuildPhase section */
		DA1D30B015FD319800B97986 /* Frameworks */ = {
			isa = PBXFrameworksBuildPhase;
			buildActionMask = 2147483647;
			files = (
				DADC41C515FD575E00711744 /* cxxlib.framework in Frameworks */,
				DADC41C315FD575A00711744 /* BKit.framework in Frameworks */,
				DA1D30B815FD319800B97986 /* UIKit.framework in Frameworks */,
				DA1D30BA15FD319800B97986 /* Foundation.framework in Frameworks */,
				DA1D30BC15FD319800B97986 /* CoreGraphics.framework in Frameworks */,
			);
			runOnlyForDeploymentPostprocessing = 0;
		};
/* End PBXFrameworksBuildPhase section */

/* Begin PBXGroup section */
		DA1D30A815FD319800B97986 = {
			isa = PBXGroup;
			children = (
				DADC41C415FD575E00711744 /* cxxlib.framework */,
				DADC41B815FD55D500711744 /* frameworks@2x.png */,
				DADC41B615FD554D00711744 /* frameworks.png */,
				DA1D30BD15FD319800B97986 /* app */,
				DA1D30B615FD319800B97986 /* Frameworks */,
				DA1D30B415FD319800B97986 /* Products */,
			);
			sourceTree = "<group>";
		};
		DA1D30B415FD319800B97986 /* Products */ = {
			isa = PBXGroup;
			children = (
				DA1D30B315FD319800B97986 /* app.app */,
			);
			name = Products;
			sourceTree = "<group>";
		};
		DA1D30B615FD319800B97986 /* Frameworks */ = {
			isa = PBXGroup;
			children = (
				DA1D30FD15FD4B3900B97986 /* BKit.xcodeproj */,
				DA1D30B715FD319800B97986 /* UIKit.framework */,
				DA1D30B915FD319800B97986 /* Foundation.framework */,
				DA1D30BB15FD319800B97986 /* CoreGraphics.framework */,
			);
			name = Frameworks;
			sourceTree = "<group>";
		};
		DA1D30BD15FD319800B97986 /* app */ = {
			isa = PBXGroup;
			children = (
				DA1D30C615FD319800B97986 /* AppDelegate.h */,
				DA1D30C715FD319800B97986 /* AppDelegate.mm */,
				DA1D30C915FD319800B97986 /* MainStoryboard_iPhone.storyboard */,
				DA1D30CC15FD319800B97986 /* MainStoryboard_iPad.storyboard */,
				DA1D30CF15FD319800B97986 /* ViewController.h */,
				DA1D30D015FD319800B97986 /* ViewController.mm */,
				DA1D30BE15FD319800B97986 /* Supporting Files */,
			);
			path = app;
			sourceTree = "<group>";
		};
		DA1D30BE15FD319800B97986 /* Supporting Files */ = {
			isa = PBXGroup;
			children = (
				DA1D30BF15FD319800B97986 /* app-Info.plist */,
				DA1D30C015FD319800B97986 /* InfoPlist.strings */,
				DA1D30C315FD319800B97986 /* main.m */,
				DA1D30C515FD319800B97986 /* app-Prefix.pch */,
			);
			name = "Supporting Files";
			sourceTree = "<group>";
		};
		DA1D30FE15FD4B3900B97986 /* Products */ = {
			isa = PBXGroup;
			children = (
				DA1D310215FD4B3900B97986 /* BKit.framework */,
			);
			name = Products;
			sourceTree = "<group>";
		};
/* End PBXGroup section */

/* Begin PBXNativeTarget section */
		DA1D30B215FD319800B97986 /* app */ = {
			isa = PBXNativeTarget;
			buildConfigurationList = DA1D30D415FD319800B97986 /* Build configuration list for PBXNativeTarget "app" */;
			buildPhases = (
				DA1D30AF15FD319800B97986 /* Sources */,
				DA1D30B015FD319800B97986 /* Frameworks */,
				DA1D30B115FD319800B97986 /* Resources */,
			);
			buildRules = (
			);
			dependencies = (
				DADC41BB15FD563500711744 /* PBXTargetDependency */,
			);
			name = app;
			productName = app;
			productReference = DA1D30B315FD319800B97986 /* app.app */;
			productType = "com.apple.product-type.application";
		};
/* End PBXNativeTarget section */

/* Begin PBXProject section */
		DA1D30AA15FD319800B97986 /* Project object */ = {
			isa = PBXProject;
			attributes = {
				LastUpgradeCheck = 0430;
			};
			buildConfigurationList = DA1D30AD15FD319800B97986 /* Build configuration list for PBXProject "app" */;
			compatibilityVersion = "Xcode 3.2";
			developmentRegion = English;
			hasScannedForEncodings = 0;
			knownRegions = (
				en,
			);
			mainGroup = DA1D30A815FD319800B97986;
			productRefGroup = DA1D30B415FD319800B97986 /* Products */;
			projectDirPath = "";
			projectReferences = (
				{
					ProductGroup = DA1D30FE15FD4B3900B97986 /* Products */;
					ProjectRef = DA1D30FD15FD4B3900B97986 /* BKit.xcodeproj */;
				},
			);
			projectRoot = "";
			targets = (
				DA1D30B215FD319800B97986 /* app */,
			);
		};
/* End PBXProject section */

/* Begin PBXReferenceProxy section */
		DA1D310215FD4B3900B97986 /* BKit.framework */ = {
			isa = PBXReferenceProxy;
			fileType = wrapper.framework.static;
			path = BKit.framework;
			remoteRef = DA1D310115FD4B3900B97986 /* PBXContainerItemProxy */;
			sourceTree = BUILT_PRODUCTS_DIR;
		};
/* End PBXReferenceProxy section */

/* Begin PBXResourcesBuildPhase section */
		DA1D30B115FD319800B97986 /* Resources */ = {
			isa = PBXResourcesBuildPhase;
			buildActionMask = 2147483647;
			files = (
				DA1D30C215FD319800B97986 /* InfoPlist.strings in Resources */,
				DA1D30CB15FD319800B97986 /* MainStoryboard_iPhone.storyboard in Resources */,
				DA1D30CE15FD319800B97986 /* MainStoryboard_iPad.storyboard in Resources */,
				DADC41B715FD554D00711744 /* frameworks.png in Resources */,
				DADC41B915FD55D500711744 /* frameworks@2x.png in Resources */,
			);
			runOnlyForDeploymentPostprocessing = 0;
		};
/* End PBXResourcesBuildPhase section */

/* Begin PBXSourcesBuildPhase section */
		DA1D30AF15FD319800B97986 /* Sources */ = {
			isa = PBXSourcesBuildPhase;
			buildActionMask = 2147483647;
			files = (
				DA1D30C415FD319800B97986 /* main.m in Sources */,
				DA1D30C815FD319800B97986 /* AppDelegate.mm in Sources */,
				DA1D30D115FD319800B97986 /* ViewController.mm in Sources */,
			);
			runOnlyForDeploymentPostprocessing = 0;
		};
/* End PBXSourcesBuildPhase section */

/* Begin PBXTargetDependency section */
		DADC41BB15FD563500711744 /* PBXTargetDependency */ = {
			isa = PBXTargetDependency;
			name = BKit;
			targetProxy = DADC41BA15FD563500711744 /* PBXContainerItemProxy */;
		};
/* End PBXTargetDependency section */

/* Begin PBXVariantGroup section */
		DA1D30C015FD319800B97986 /* InfoPlist.strings */ = {
			isa = PBXVariantGroup;
			children = (
				DA1D30C115FD319800B97986 /* en */,
			);
			name = InfoPlist.strings;
			sourceTree = "<group>";
		};
		DA1D30C915FD319800B97986 /* MainStoryboard_iPhone.storyboard */ = {
			isa = PBXVariantGroup;
			children = (
				DA1D30CA15FD319800B97986 /* en */,
			);
			name = MainStoryboard_iPhone.storyboard;
			sourceTree = "<group>";
		};
		DA1D30CC15FD319800B97986 /* MainStoryboard_iPad.storyboard */ = {
			isa = PBXVariantGroup;
			children = (
				DA1D30CD15FD319800B97986 /* en */,
			);
			name = MainStoryboard_iPad.storyboard;
			sourceTree = "<group>";
		};
/* End PBXVariantGroup section */

/* Begin XCBuildConfiguration section */
		DA1D30D215FD319800B97986 /* Debug */ = {
			isa = XCBuildConfiguration;
			buildSettings = {
				ALWAYS_SEARCH_USER_PATHS = NO;
				ARCHS = "$(ARCHS_STANDARD_32_BIT)";
				"CODE_SIGN_IDENTITY[sdk=iphoneos*]" = "iPhone Developer";
				COPY_PHASE_STRIP = NO;
				GCC_C_LANGUAGE_STANDARD = gnu99;
				GCC_DYNAMIC_NO_PIC = NO;
				GCC_OPTIMIZATION_LEVEL = 0;
				GCC_PREPROCESSOR_DEFINITIONS = (
					"DEBUG=1",
					"$(inherited)",
				);
				GCC_SYMBOLS_PRIVATE_EXTERN = NO;
				GCC_VERSION = com.apple.compilers.llvm.clang.1_0;
				GCC_WARN_ABOUT_RETURN_TYPE = YES;
				GCC_WARN_UNINITIALIZED_AUTOS = YES;
				GCC_WARN_UNUSED_VARIABLE = YES;
				IPHONEOS_DEPLOYMENT_TARGET = 5.1;
				SDKROOT = iphoneos;
				TARGETED_DEVICE_FAMILY = "1,2";
			};
			name = Debug;
		};
		DA1D30D315FD319800B97986 /* Release */ = {
			isa = XCBuildConfiguration;
			buildSettings = {
				ALWAYS_SEARCH_USER_PATHS = NO;
				ARCHS = "$(ARCHS_STANDARD_32_BIT)";
				"CODE_SIGN_IDENTITY[sdk=iphoneos*]" = "iPhone Developer";
				COPY_PHASE_STRIP = YES;
				FRAMEWORK_SEARCH_PATHS = "";
				GCC_C_LANGUAGE_STANDARD = gnu99;
				GCC_VERSION = com.apple.compilers.llvm.clang.1_0;
				GCC_WARN_ABOUT_RETURN_TYPE = YES;
				GCC_WARN_UNINITIALIZED_AUTOS = YES;
				GCC_WARN_UNUSED_VARIABLE = YES;
				IPHONEOS_DEPLOYMENT_TARGET = 5.1;
				OTHER_CFLAGS = "-DNS_BLOCK_ASSERTIONS=1";
				SDKROOT = iphoneos;
				TARGETED_DEVICE_FAMILY = "1,2";
				VALIDATE_PRODUCT = YES;
			};
			name = Release;
		};
		DA1D30D515FD319800B97986 /* Debug */ = {
			isa = XCBuildConfiguration;
			buildSettings = {
				FRAMEWORK_SEARCH_PATHS = (
					"$(inherited)",
					"\"$(SRCROOT)/../build/frameworks-workspace/Build/Products/Debug-iphoneos\"",
				);
				GCC_PRECOMPILE_PREFIX_HEADER = YES;
				GCC_PREFIX_HEADER = "app/app-Prefix.pch";
				INFOPLIST_FILE = "app/app-Info.plist";
				PRODUCT_NAME = "$(TARGET_NAME)";
				WRAPPER_EXTENSION = app;
			};
			name = Debug;
		};
		DA1D30D615FD319800B97986 /* Release */ = {
			isa = XCBuildConfiguration;
			buildSettings = {
				FRAMEWORK_SEARCH_PATHS = (
					"$(inherited)",
					"\"$(SRCROOT)/../build/frameworks-workspace/Build/Products/Debug-iphoneos\"",
				);
				GCC_PRECOMPILE_PREFIX_HEADER = YES;
				GCC_PREFIX_HEADER = "app/app-Prefix.pch";
				INFOPLIST_FILE = "app/app-Info.plist";
				PRODUCT_NAME = "$(TARGET_NAME)";
				WRAPPER_EXTENSION = app;
			};
			name = Release;
		};
/* End XCBuildConfiguration section */

/* Begin XCConfigurationList section */
		DA1D30AD15FD319800B97986 /* Build configuration list for PBXProject "app" */ = {
			isa = XCConfigurationList;
			buildConfigurations = (
				DA1D30D215FD319800B97986 /* Debug */,
				DA1D30D315FD319800B97986 /* Release */,
			);
			defaultConfigurationIsVisible = 0;
			defaultConfigurationName = Release;
		};
		DA1D30D415FD319800B97986 /* Build configuration list for PBXNativeTarget "app" */ = {
			isa = XCConfigurationList;
			buildConfigurations = (
				DA1D30D515FD319800B97986 /* Debug */,
				DA1D30D615FD319800B97986 /* Release */,
			);
			defaultConfigurationIsVisible = 0;
			defaultConfigurationName = Release;
		};
/* End XCConfigurationList section */
	};
	rootObject = DA1D30AA15FD319800B97986 /* Project object */;
}
